schema_version: agentic-vendor-lock-v1
generated_for: ChengjinLii/studyhub
verified_at: "2026-07-26"
instructions:
  - Every vendor commit must be an immutable 40-character SHA before implementation.
  - Verify LICENSE at the pinned commit.
  - Clone only into .local-research/vendor/.
  - Never vendor source into backend/app or commit external repositories.

vendors:
  - name: search-r1
    repository: https://github.com/PeterGriffinJin/Search-R1
    default_branch: main
    commit: 598e61bd1d36895726d28a8d06b3a15bed19f5d3
    license: Apache-2.0
    role: behavior_protocol_and_historical_rl_baseline
    required_reading:
      - README.md
      - docs/retriever.md
      - docs/experiment_log.md
      - scripts/data_process/nq_search.py
      - search_r1/search/retriever_server.py

  - name: verl
    repository: https://github.com/volcengine/verl
    default_branch: main
    commit: 983cb0f24443f87b3d161fad318445130a620b07
    license: Apache-2.0
    role: primary_agentic_rl_training_runtime
    required_reading:
      - docs/start/agentic_rl.rst
      - docs/advance/fully_async.md
      - recipe/retool/
      - verl/experimental/agent_loop/

  - name: verl-tool
    repository: https://github.com/TIGER-AI-Lab/verl-tool
    default_branch: main
    commit: 383d4b1539ba387f94c3a117d3edc06b467c09d1
    license: MIT
    role: tool_environment_and_rollout_adapter_reference
    required_reading:
      - README.md
      - verl_tool/agent_loop/verltool_agent_loop.py
      - verl_tool/trainer/ppo/ray_trainer.py
      - examples/
      - benchmarks/

  - name: deepresearcher
    repository: https://github.com/GAIR-NLP/DeepResearcher
    default_branch: main
    commit: 82c6dc2d7508e1c271aa0b4344832bcaf5bf6cde
    license: Apache-2.0
    role: real_world_search_environment_reference
    required_reading:
      - README.md
      - scrl/handler/
      - signal/
      - evaluate/
      - train_grpo.sh

  - name: dr-tulu
    repository: https://github.com/rlresearch/dr-tulu
    default_branch: main
    commit: 9d7b0371c085e9311ddec483ed39768c0bd9fe99
    license: Apache-2.0
    role: sft_mcp_backend_and_evolving_rubric_reference
    required_reading:
      - README.md
      - agent/README.md
      - agent/
      - sft/llama-factory/README.md
      - rl/open-instruct/README.md

  - name: carr
    repository: https://github.com/THUDM/CaRR
    default_branch: main
    commit: c97e7e892b4dbd0f7ba4b5f2fb052b9af0f3a592
    license: MIT
    role: citation_aware_rubric_reward_reference
    required_reading:
      - README.md
      - deepsearch_rm_with_rubrics/
      - tool_server/
      - scripts/training/
      - scripts/eval/

papers:
  - title: Search-R1
    url: https://arxiv.org/abs/2503.09516
  - title: Search-R1 Empirical Study
    url: https://arxiv.org/abs/2505.15117
  - title: Search-R1 Plus Plus
    url: https://arxiv.org/abs/2602.19526
  - title: DeepResearcher
    url: https://arxiv.org/abs/2504.03160
  - title: DR Tulu
    url: https://arxiv.org/abs/2511.19399
  - title: VerlTool
    url: https://arxiv.org/abs/2509.01055
  - title: GiGPO
    url: https://arxiv.org/abs/2505.10978
  - title: TIPS
    url: https://arxiv.org/abs/2603.22293
  - title: IGPO
    url: https://arxiv.org/abs/2510.14967
  - title: SimpleTIR
    url: https://arxiv.org/abs/2509.02479
  - title: CaRR
    url: https://arxiv.org/abs/2601.06021
  - title: LongSeeker
    url: https://arxiv.org/abs/2605.05191
  - title: ContextBudget
    url: https://arxiv.org/abs/2604.01664
  - title: CoSearch
    url: https://arxiv.org/abs/2604.17555
